// !$*UTF8*$!
{
	archiveVersion = 1;
	classes = {
	};
	objectVersion = 56;
	objects = {

/* Begin PBXBuildFile section */
		25D9E3082C7C1EF1009EEAE0 /* SocialMediaAppApp.swift in Sources */ = {isa = PBXBuildFile; fileRef = 25D9E3072C7C1EF1009EEAE0 /* SocialMediaAppApp.swift */; };
		25D9E30A2C7C1EF1009EEAE0 /* ContentView.swift in Sources */ = {isa = PBXBuildFile; fileRef = 25D9E3092C7C1EF1009EEAE0 /* ContentView.swift */; };
		25D9E30C2C7C1EF3009EEAE0 /* Assets.xcassets in Resources */ = {isa = PBXBuildFile; fileRef = 25D9E30B2C7C1EF3009EEAE0 /* Assets.xcassets */; };
		25D9E30F2C7C1EF3009EEAE0 /* Preview Assets.xcassets in Resources */ = {isa = PBXBuildFile; fileRef = 25D9E30E2C7C1EF3009EEAE0 /* Preview Assets.xcassets */; };
		25D9E3192C7C20E1009EEAE0 /* FirebaseAnalytics in Frameworks */ = {isa = PBXBuildFile; productRef = 25D9E3182C7C20E1009EEAE0 /* FirebaseAnalytics */; };
		25D9E31B2C7C20E1009EEAE0 /* FirebaseAnalyticsOnDeviceConversion in Frameworks */ = {isa = PBXBuildFile; productRef = 25D9E31A2C7C20E1009EEAE0 /* FirebaseAnalyticsOnDeviceConversion */; };
		25D9E31D2C7C20E1009EEAE0 /* FirebaseAnalyticsWithoutAdIdSupport in Frameworks */ = {isa = PBXBuildFile; productRef = 25D9E31C2C7C20E1009EEAE0 /* FirebaseAnalyticsWithoutAdIdSupport */; };
		25D9E31F2C7C20E1009EEAE0 /* FirebaseAppCheck in Frameworks */ = {isa = PBXBuildFile; productRef = 25D9E31E2C7C20E1009EEAE0 /* FirebaseAppCheck */; };
		25D9E3212C7C20E1009EEAE0 /* FirebaseAppDistribution-Beta in Frameworks */ = {isa = PBXBuildFile; productRef = 25D9E3202C7C20E1009EEAE0 /* FirebaseAppDistribution-Beta */; };
		25D9E3232C7C20E2009EEAE0 /* FirebaseAuth in Frameworks */ = {isa = PBXBuildFile; productRef = 25D9E3222C7C20E1009EEAE0 /* FirebaseAuth */; };
		25D9E3252C7C20E2009EEAE0 /* FirebaseAuthCombine-Community in Frameworks */ = {isa = PBXBuildFile; productRef = 25D9E3242C7C20E2009EEAE0 /* FirebaseAuthCombine-Community */; };
		25D9E3272C7C20E2009EEAE0 /* FirebaseCrashlytics in Frameworks */ = {isa = PBXBuildFile; productRef = 25D9E3262C7C20E2009EEAE0 /* FirebaseCrashlytics */; };
		25D9E3292C7C20E2009EEAE0 /* FirebaseDatabase in Frameworks */ = {isa = PBXBuildFile; productRef = 25D9E3282C7C20E2009EEAE0 /* FirebaseDatabase */; };
		25D9E32B2C7C20E2009EEAE0 /* FirebaseDynamicLinks in Frameworks */ = {isa = PBXBuildFile; productRef = 25D9E32A2C7C20E2009EEAE0 /* FirebaseDynamicLinks */; };
		25D9E32D2C7C20E2009EEAE0 /* FirebaseFirestore in Frameworks */ = {isa = PBXBuildFile; productRef = 25D9E32C2C7C20E2009EEAE0 /* FirebaseFirestore */; };
		25D9E32F2C7C20E2009EEAE0 /* FirebaseFirestoreCombine-Community in Frameworks */ = {isa = PBXBuildFile; productRef = 25D9E32E2C7C20E2009EEAE0 /* FirebaseFirestoreCombine-Community */; };
		25D9E3312C7C20E2009EEAE0 /* FirebaseFunctions in Frameworks */ = {isa = PBXBuildFile; productRef = 25D9E3302C7C20E2009EEAE0 /* FirebaseFunctions */; };
		25D9E3332C7C20E2009EEAE0 /* FirebaseFunctionsCombine-Community in Frameworks */ = {isa = PBXBuildFile; productRef = 25D9E3322C7C20E2009EEAE0 /* FirebaseFunctionsCombine-Community */; };
		25D9E3352C7C20E2009EEAE0 /* FirebaseInAppMessaging-Beta in Frameworks */ = {isa = PBXBuildFile; productRef = 25D9E3342C7C20E2009EEAE0 /* FirebaseInAppMessaging-Beta */; };
		25D9E3392C7C2165009EEAE0 /* LoginView.swift in Sources */ = {isa = PBXBuildFile; fileRef = 25D9E3382C7C2165009EEAE0 /* LoginView.swift */; };
		25D9E33C2C7C3DDB009EEAE0 /* FirebaseStorage in Frameworks */ = {isa = PBXBuildFile; productRef = 25D9E33B2C7C3DDB009EEAE0 /* FirebaseStorage */; };
		25D9E33E2C7C402F009EEAE0 /* User.swift in Sources */ = {isa = PBXBuildFile; fileRef = 25D9E33D2C7C402F009EEAE0 /* User.swift */; };
		25D9E3422C7CD5B3009EEAE0 /* GoogleService-Info.plist in Resources */ = {isa = PBXBuildFile; fileRef = 25D9E3412C7CD5B3009EEAE0 /* GoogleService-Info.plist */; };
		25D9E3442C7CDA05009EEAE0 /* LoadingView.swift in Sources */ = {isa = PBXBuildFile; fileRef = 25D9E3432C7CDA05009EEAE0 /* LoadingView.swift */; };
		25D9E34A2C7E2601009EEAE0 /* RegisterView.swift in Sources */ = {isa = PBXBuildFile; fileRef = 25D9E3492C7E2601009EEAE0 /* RegisterView.swift */; };
		25D9E34D2C7E2734009EEAE0 /* View+Extensions.swift in Sources */ = {isa = PBXBuildFile; fileRef = 25D9E34C2C7E2734009EEAE0 /* View+Extensions.swift */; };
		25D9E34F2C7E282E009EEAE0 /* MainView.swift in Sources */ = {isa = PBXBuildFile; fileRef = 25D9E34E2C7E282E009EEAE0 /* MainView.swift */; };
		25D9E3512C7E2A47009EEAE0 /* ProfileView.swift in Sources */ = {isa = PBXBuildFile; fileRef = 25D9E3502C7E2A47009EEAE0 /* ProfileView.swift */; };
		25D9E3532C7E3822009EEAE0 /* ReusableProfileContent.swift in Sources */ = {isa = PBXBuildFile; fileRef = 25D9E3522C7E3822009EEAE0 /* ReusableProfileContent.swift */; };
		25D9E3562C7E3AFA009EEAE0 /* SDWebImageSwiftUI in Frameworks */ = {isa = PBXBuildFile; productRef = 25D9E3552C7E3AFA009EEAE0 /* SDWebImageSwiftUI */; };
/* End PBXBuildFile section */

/* Begin PBXFileReference section */
		25D9E3042C7C1EF1009EEAE0 /* SocialMediaApp.app */ = {isa = PBXFileReference; explicitFileType = wrapper.application; includeInIndex = 0; path = SocialMediaApp.app; sourceTree = BUILT_PRODUCTS_DIR; };
		25D9E3072C7C1EF1009EEAE0 /* SocialMediaAppApp.swift */ = {isa = PBXFileReference; lastKnownFileType = sourcecode.swift; path = SocialMediaAppApp.swift; sourceTree = "<group>"; };
		25D9E3092C7C1EF1009EEAE0 /* ContentView.swift */ = {isa = PBXFileReference; lastKnownFileType = sourcecode.swift; path = ContentView.swift; sourceTree = "<group>"; };
		25D9E30B2C7C1EF3009EEAE0 /* Assets.xcassets */ = {isa = PBXFileReference; lastKnownFileType = folder.assetcatalog; path = Assets.xcassets; sourceTree = "<group>"; };
		25D9E30E2C7C1EF3009EEAE0 /* Preview Assets.xcassets */ = {isa = PBXFileReference; lastKnownFileType = folder.assetcatalog; path = "Preview Assets.xcassets"; sourceTree = "<group>"; };
		25D9E3382C7C2165009EEAE0 /* LoginView.swift */ = {isa = PBXFileReference; lastKnownFileType = sourcecode.swift; path = LoginView.swift; sourceTree = "<group>"; };
		25D9E33D2C7C402F009EEAE0 /* User.swift */ = {isa = PBXFileReference; lastKnownFileType = sourcecode.swift; path = User.swift; sourceTree = "<group>"; };
		25D9E3412C7CD5B3009EEAE0 /* GoogleService-Info.plist */ = {isa = PBXFileReference; fileEncoding = 4; lastKnownFileType = text.plist.xml; path = "GoogleService-Info.plist"; sourceTree = "<group>"; };
		25D9E3432C7CDA05009EEAE0 /* LoadingView.swift */ = {isa = PBXFileReference; lastKnownFileType = sourcecode.swift; path = LoadingView.swift; sourceTree = "<group>"; };
		25D9E3492C7E2601009EEAE0 /* RegisterView.swift */ = {isa = PBXFileReference; lastKnownFileType = sourcecode.swift; path = RegisterView.swift; sourceTree = "<group>"; };
		25D9E34C2C7E2734009EEAE0 /* View+Extensions.swift */ = {isa = PBXFileReference; lastKnownFileType = sourcecode.swift; path = "View+Extensions.swift"; sourceTree = "<group>"; };
		25D9E34E2C7E282E009EEAE0 /* MainView.swift */ = {isa = PBXFileReference; lastKnownFileType = sourcecode.swift; path = MainView.swift; sourceTree = "<group>"; };
		25D9E3502C7E2A47009EEAE0 /* ProfileView.swift */ = {isa = PBXFileReference; lastKnownFileType = sourcecode.swift; path = ProfileView.swift; sourceTree = "<group>"; };
		25D9E3522C7E3822009EEAE0 /* ReusableProfileContent.swift */ = {isa = PBXFileReference; lastKnownFileType = sourcecode.swift; path = ReusableProfileContent.swift; sourceTree = "<group>"; };
/* End PBXFileReference section */

/* Begin PBXFrameworksBuildPhase section */
		25D9E3012C7C1EF1009EEAE0 /* Frameworks */ = {
			isa = PBXFrameworksBuildPhase;
			buildActionMask = 2147483647;
			files = (
				25D9E31F2C7C20E1009EEAE0 /* FirebaseAppCheck in Frameworks */,
				25D9E3232C7C20E2009EEAE0 /* FirebaseAuth in Frameworks */,
				25D9E3192C7C20E1009EEAE0 /* FirebaseAnalytics in Frameworks */,
				25D9E3212C7C20E1009EEAE0 /* FirebaseAppDistribution-Beta in Frameworks */,
				25D9E3562C7E3AFA009EEAE0 /* SDWebImageSwiftUI in Frameworks */,
				25D9E31D2C7C20E1009EEAE0 /* FirebaseAnalyticsWithoutAdIdSupport in Frameworks */,
				25D9E33C2C7C3DDB009EEAE0 /* FirebaseStorage in Frameworks */,
				25D9E3272C7C20E2009EEAE0 /* FirebaseCrashlytics in Frameworks */,
				25D9E3292C7C20E2009EEAE0 /* FirebaseDatabase in Frameworks */,
				25D9E3332C7C20E2009EEAE0 /* FirebaseFunctionsCombine-Community in Frameworks */,
				25D9E3252C7C20E2009EEAE0 /* FirebaseAuthCombine-Community in Frameworks */,
				25D9E31B2C7C20E1009EEAE0 /* FirebaseAnalyticsOnDeviceConversion in Frameworks */,
				25D9E3312C7C20E2009EEAE0 /* FirebaseFunctions in Frameworks */,
				25D9E32F2C7C20E2009EEAE0 /* FirebaseFirestoreCombine-Community in Frameworks */,
				25D9E32D2C7C20E2009EEAE0 /* FirebaseFirestore in Frameworks */,
				25D9E32B2C7C20E2009EEAE0 /* FirebaseDynamicLinks in Frameworks */,
				25D9E3352C7C20E2009EEAE0 /* FirebaseInAppMessaging-Beta in Frameworks */,
			);
			runOnlyForDeploymentPostprocessing = 0;
		};
/* End PBXFrameworksBuildPhase section */

/* Begin PBXGroup section */
		25D9E2FB2C7C1EF1009EEAE0 = {
			isa = PBXGroup;
			children = (
				25D9E3062C7C1EF1009EEAE0 /* SocialMediaApp */,
				25D9E3052C7C1EF1009EEAE0 /* Products */,
				25D9E33A2C7C3DDB009EEAE0 /* Frameworks */,
			);
			sourceTree = "<group>";
		};
		25D9E3052C7C1EF1009EEAE0 /* Products */ = {
			isa = PBXGroup;
			children = (
				25D9E3042C7C1EF1009EEAE0 /* SocialMediaApp.app */,
			);
			name = Products;
			sourceTree = "<group>";
		};
		25D9E3062C7C1EF1009EEAE0 /* SocialMediaApp */ = {
			isa = PBXGroup;
			children = (
				25D9E3412C7CD5B3009EEAE0 /* GoogleService-Info.plist */,
				25D9E3372C7C213A009EEAE0 /* Model */,
				25D9E3362C7C212A009EEAE0 /*  View */,
				25D9E3072C7C1EF1009EEAE0 /* SocialMediaAppApp.swift */,
				25D9E3092C7C1EF1009EEAE0 /* ContentView.swift */,
				25D9E30B2C7C1EF3009EEAE0 /* Assets.xcassets */,
				25D9E30D2C7C1EF3009EEAE0 /* Preview Content */,
			);
			path = SocialMediaApp;
			sourceTree = "<group>";
		};
		25D9E30D2C7C1EF3009EEAE0 /* Preview Content */ = {
			isa = PBXGroup;
			children = (
				25D9E30E2C7C1EF3009EEAE0 /* Preview Assets.xcassets */,
			);
			path = "Preview Content";
			sourceTree = "<group>";
		};
		25D9E3362C7C212A009EEAE0 /*  View */ = {
			isa = PBXGroup;
			children = (
				25D9E34B2C7E2709009EEAE0 /* Helpers */,
				25D9E3482C7E25C1009EEAE0 /* MainView */,
				25D9E3472C7E25B0009EEAE0 /* Login */,
				25D9E3432C7CDA05009EEAE0 /* LoadingView.swift */,
			);
			path = " View";
			sourceTree = "<group>";
		};
		25D9E3372C7C213A009EEAE0 /* Model */ = {
			isa = PBXGroup;
			children = (
				25D9E33D2C7C402F009EEAE0 /* User.swift */,
			);
			path = Model;
			sourceTree = "<group>";
		};
		25D9E33A2C7C3DDB009EEAE0 /* Frameworks */ = {
			isa = PBXGroup;
			children = (
			);
			name = Frameworks;
			sourceTree = "<group>";
		};
		25D9E3472C7E25B0009EEAE0 /* Login */ = {
			isa = PBXGroup;
			children = (
				25D9E3382C7C2165009EEAE0 /* LoginView.swift */,
				25D9E3492C7E2601009EEAE0 /* RegisterView.swift */,
			);
			path = Login;
			sourceTree = "<group>";
		};
		25D9E3482C7E25C1009EEAE0 /* MainView */ = {
			isa = PBXGroup;
			children = (
				25D9E34E2C7E282E009EEAE0 /* MainView.swift */,
				25D9E3502C7E2A47009EEAE0 /* ProfileView.swift */,
				25D9E3522C7E3822009EEAE0 /* ReusableProfileContent.swift */,
			);
			path = MainView;
			sourceTree = "<group>";
		};
		25D9E34B2C7E2709009EEAE0 /* Helpers */ = {
			isa = PBXGroup;
			children = (
				25D9E34C2C7E2734009EEAE0 /* View+Extensions.swift */,
			);
			path = Helpers;
			sourceTree = "<group>";
		};
/* End PBXGroup section */

/* Begin PBXNativeTarget section */
		25D9E3032C7C1EF1009EEAE0 /* SocialMediaApp */ = {
			isa = PBXNativeTarget;
			buildConfigurationList = 25D9E3122C7C1EF3009EEAE0 /* Build configuration list for PBXNativeTarget "SocialMediaApp" */;
			buildPhases = (
				25D9E3002C7C1EF1009EEAE0 /* Sources */,
				25D9E3012C7C1EF1009EEAE0 /* Frameworks */,
				25D9E3022C7C1EF1009EEAE0 /* Resources */,
			);
			buildRules = (
			);
			dependencies = (
			);
			name = SocialMediaApp;
			packageProductDependencies = (
				25D9E3182C7C20E1009EEAE0 /* FirebaseAnalytics */,
				25D9E31A2C7C20E1009EEAE0 /* FirebaseAnalyticsOnDeviceConversion */,
				25D9E31C2C7C20E1009EEAE0 /* FirebaseAnalyticsWithoutAdIdSupport */,
				25D9E31E2C7C20E1009EEAE0 /* FirebaseAppCheck */,
				25D9E3202C7C20E1009EEAE0 /* FirebaseAppDistribution-Beta */,
				25D9E3222C7C20E1009EEAE0 /* FirebaseAuth */,
				25D9E3242C7C20E2009EEAE0 /* FirebaseAuthCombine-Community */,
				25D9E3262C7C20E2009EEAE0 /* FirebaseCrashlytics */,
				25D9E3282C7C20E2009EEAE0 /* FirebaseDatabase */,
				25D9E32A2C7C20E2009EEAE0 /* FirebaseDynamicLinks */,
				25D9E32C2C7C20E2009EEAE0 /* FirebaseFirestore */,
				25D9E32E2C7C20E2009EEAE0 /* FirebaseFirestoreCombine-Community */,
				25D9E3302C7C20E2009EEAE0 /* FirebaseFunctions */,
				25D9E3322C7C20E2009EEAE0 /* FirebaseFunctionsCombine-Community */,
				25D9E3342C7C20E2009EEAE0 /* FirebaseInAppMessaging-Beta */,
				25D9E33B2C7C3DDB009EEAE0 /* FirebaseStorage */,
				25D9E3552C7E3AFA009EEAE0 /* SDWebImageSwiftUI */,
			);
			productName = SocialMediaApp;
			productReference = 25D9E3042C7C1EF1009EEAE0 /* SocialMediaApp.app */;
			productType = "com.apple.product-type.application";
		};
/* End PBXNativeTarget section */

/* Begin PBXProject section */
		25D9E2FC2C7C1EF1009EEAE0 /* Project object */ = {
			isa = PBXProject;
			attributes = {
				BuildIndependentTargetsInParallel = 1;
				LastSwiftUpdateCheck = 1520;
				LastUpgradeCheck = 1520;
				TargetAttributes = {
					25D9E3032C7C1EF1009EEAE0 = {
						CreatedOnToolsVersion = 15.2;
					};
				};
			};
			buildConfigurationList = 25D9E2FF2C7C1EF1009EEAE0 /* Build configuration list for PBXProject "SocialMediaApp" */;
			compatibilityVersion = "Xcode 14.0";
			developmentRegion = en;
			hasScannedForEncodings = 0;
			knownRegions = (
				en,
				Base,
			);
			mainGroup = 25D9E2FB2C7C1EF1009EEAE0;
			packageReferences = (
				25D9E3172C7C20E1009EEAE0 /* XCRemoteSwiftPackageReference "firebase-ios-sdk" */,
				25D9E3542C7E3AF9009EEAE0 /* XCRemoteSwiftPackageReference "SDWebImageSwiftUI" */,
			);
			productRefGroup = 25D9E3052C7C1EF1009EEAE0 /* Products */;
			projectDirPath = "";
			projectRoot = "";
			targets = (
				25D9E3032C7C1EF1009EEAE0 /* SocialMediaApp */,
			);
		};
/* End PBXProject section */

/* Begin PBXResourcesBuildPhase section */
		25D9E3022C7C1EF1009EEAE0 /* Resources */ = {
			isa = PBXResourcesBuildPhase;
			buildActionMask = 2147483647;
			files = (
				25D9E30F2C7C1EF3009EEAE0 /* Preview Assets.xcassets in Resources */,
				25D9E3422C7CD5B3009EEAE0 /* GoogleService-Info.plist in Resources */,
				25D9E30C2C7C1EF3009EEAE0 /* Assets.xcassets in Resources */,
			);
			runOnlyForDeploymentPostprocessing = 0;
		};
/* End PBXResourcesBuildPhase section */

/* Begin PBXSourcesBuildPhase section */
		25D9E3002C7C1EF1009EEAE0 /* Sources */ = {
			isa = PBXSourcesBuildPhase;
			buildActionMask = 2147483647;
			files = (
				25D9E33E2C7C402F009EEAE0 /* User.swift in Sources */,
				25D9E3512C7E2A47009EEAE0 /* ProfileView.swift in Sources */,
				25D9E3532C7E3822009EEAE0 /* ReusableProfileContent.swift in Sources */,
				25D9E34F2C7E282E009EEAE0 /* MainView.swift in Sources */,
				25D9E3392C7C2165009EEAE0 /* LoginView.swift in Sources */,
				25D9E30A2C7C1EF1009EEAE0 /* ContentView.swift in Sources */,
				25D9E34D2C7E2734009EEAE0 /* View+Extensions.swift in Sources */,
				25D9E34A2C7E2601009EEAE0 /* RegisterView.swift in Sources */,
				25D9E3442C7CDA05009EEAE0 /* LoadingView.swift in Sources */,
				25D9E3082C7C1EF1009EEAE0 /* SocialMediaAppApp.swift in Sources */,
			);
			runOnlyForDeploymentPostprocessing = 0;
		};
/* End PBXSourcesBuildPhase section */

/* Begin XCBuildConfiguration section */
		25D9E3102C7C1EF3009EEAE0 /* Debug */ = {
			isa = XCBuildConfiguration;
			buildSettings = {
				ALWAYS_SEARCH_USER_PATHS = NO;
				ASSETCATALOG_COMPILER_GENERATE_SWIFT_ASSET_SYMBOL_EXTENSIONS = YES;
				CLANG_ANALYZER_NONNULL = YES;
				CLANG_ANALYZER_NUMBER_OBJECT_CONVERSION = YES_AGGRESSIVE;
				CLANG_CXX_LANGUAGE_STANDARD = "gnu++20";
				CLANG_ENABLE_MODULES = YES;
				CLANG_ENABLE_OBJC_ARC = YES;
				CLANG_ENABLE_OBJC_WEAK = YES;
				CLANG_WARN_BLOCK_CAPTURE_AUTORELEASING = YES;
				CLANG_WARN_BOOL_CONVERSION = YES;
				CLANG_WARN_COMMA = YES;
				CLANG_WARN_CONSTANT_CONVERSION = YES;
				CLANG_WARN_DEPRECATED_OBJC_IMPLEMENTATIONS = YES;
				CLANG_WARN_DIRECT_OBJC_ISA_USAGE = YES_ERROR;
				CLANG_WARN_DOCUMENTATION_COMMENTS = YES;
				CLANG_WARN_EMPTY_BODY = YES;
				CLANG_WARN_ENUM_CONVERSION = YES;
				CLANG_WARN_INFINITE_RECURSION = YES;
				CLANG_WARN_INT_CONVERSION = YES;
				CLANG_WARN_NON_LITERAL_NULL_CONVERSION = YES;
				CLANG_WARN_OBJC_IMPLICIT_RETAIN_SELF = YES;
				CLANG_WARN_OBJC_LITERAL_CONVERSION = YES;
				CLANG_WARN_OBJC_ROOT_CLASS = YES_ERROR;
				CLANG_WARN_QUOTED_INCLUDE_IN_FRAMEWORK_HEADER = YES;
				CLANG_WARN_RANGE_LOOP_ANALYSIS = YES;
				CLANG_WARN_STRICT_PROTOTYPES = YES;
				CLANG_WARN_SUSPICIOUS_MOVE = YES;
				CLANG_WARN_UNGUARDED_AVAILABILITY = YES_AGGRESSIVE;
				CLANG_WARN_UNREACHABLE_CODE = YES;
				CLANG_WARN__DUPLICATE_METHOD_MATCH = YES;
				COPY_PHASE_STRIP = NO;
				DEBUG_INFORMATION_FORMAT = dwarf;
				ENABLE_STRICT_OBJC_MSGSEND = YES;
				ENABLE_TESTABILITY = YES;
				ENABLE_USER_SCRIPT_SANDBOXING = YES;
				GCC_C_LANGUAGE_STANDARD = gnu17;
				GCC_DYNAMIC_NO_PIC = NO;
				GCC_NO_COMMON_BLOCKS = YES;
				GCC_OPTIMIZATION_LEVEL = 0;
				GCC_PREPROCESSOR_DEFINITIONS = (
					"DEBUG=1",
					"$(inherited)",
				);
				GCC_WARN_64_TO_32_BIT_CONVERSION = YES;
				GCC_WARN_ABOUT_RETURN_TYPE = YES_ERROR;
				GCC_WARN_UNDECLARED_SELECTOR = YES;
				GCC_WARN_UNINITIALIZED_AUTOS = YES_AGGRESSIVE;
				GCC_WARN_UNUSED_FUNCTION = YES;
				GCC_WARN_UNUSED_VARIABLE = YES;
				IPHONEOS_DEPLOYMENT_TARGET = 17.2;
				LOCALIZATION_PREFERS_STRING_CATALOGS = YES;
				MTL_ENABLE_DEBUG_INFO = INCLUDE_SOURCE;
				MTL_FAST_MATH = YES;
				ONLY_ACTIVE_ARCH = YES;
				SDKROOT = iphoneos;
				SWIFT_ACTIVE_COMPILATION_CONDITIONS = "DEBUG $(inherited)";
				SWIFT_OPTIMIZATION_LEVEL = "-Onone";
			};
			name = Debug;
		};
		25D9E3112C7C1EF3009EEAE0 /* Release */ = {
			isa = XCBuildConfiguration;
			buildSettings = {
				ALWAYS_SEARCH_USER_PATHS = NO;
				ASSETCATALOG_COMPILER_GENERATE_SWIFT_ASSET_SYMBOL_EXTENSIONS = YES;
				CLANG_ANALYZER_NONNULL = YES;
				CLANG_ANALYZER_NUMBER_OBJECT_CONVERSION = YES_AGGRESSIVE;
				CLANG_CXX_LANGUAGE_STANDARD = "gnu++20";
				CLANG_ENABLE_MODULES = YES;
				CLANG_ENABLE_OBJC_ARC = YES;
				CLANG_ENABLE_OBJC_WEAK = YES;
				CLANG_WARN_BLOCK_CAPTURE_AUTORELEASING = YES;
				CLANG_WARN_BOOL_CONVERSION = YES;
				CLANG_WARN_COMMA = YES;
				CLANG_WARN_CONSTANT_CONVERSION = YES;
				CLANG_WARN_DEPRECATED_OBJC_IMPLEMENTATIONS = YES;
				CLANG_WARN_DIRECT_OBJC_ISA_USAGE = YES_ERROR;
				CLANG_WARN_DOCUMENTATION_COMMENTS = YES;
				CLANG_WARN_EMPTY_BODY = YES;
				CLANG_WARN_ENUM_CONVERSION = YES;
				CLANG_WARN_INFINITE_RECURSION = YES;
				CLANG_WARN_INT_CONVERSION = YES;
				CLANG_WARN_NON_LITERAL_NULL_CONVERSION = YES;
				CLANG_WARN_OBJC_IMPLICIT_RETAIN_SELF = YES;
				CLANG_WARN_OBJC_LITERAL_CONVERSION = YES;
				CLANG_WARN_OBJC_ROOT_CLASS = YES_ERROR;
				CLANG_WARN_QUOTED_INCLUDE_IN_FRAMEWORK_HEADER = YES;
				CLANG_WARN_RANGE_LOOP_ANALYSIS = YES;
				CLANG_WARN_STRICT_PROTOTYPES = YES;
				CLANG_WARN_SUSPICIOUS_MOVE = YES;
				CLANG_WARN_UNGUARDED_AVAILABILITY = YES_AGGRESSIVE;
				CLANG_WARN_UNREACHABLE_CODE = YES;
				CLANG_WARN__DUPLICATE_METHOD_MATCH = YES;
				COPY_PHASE_STRIP = NO;
				DEBUG_INFORMATION_FORMAT = "dwarf-with-dsym";
				ENABLE_NS_ASSERTIONS = NO;
				ENABLE_STRICT_OBJC_MSGSEND = YES;
				ENABLE_USER_SCRIPT_SANDBOXING = YES;
				GCC_C_LANGUAGE_STANDARD = gnu17;
				GCC_NO_COMMON_BLOCKS = YES;
				GCC_WARN_64_TO_32_BIT_CONVERSION = YES;
				GCC_WARN_ABOUT_RETURN_TYPE = YES_ERROR;
				GCC_WARN_UNDECLARED_SELECTOR = YES;
				GCC_WARN_UNINITIALIZED_AUTOS = YES_AGGRESSIVE;
				GCC_WARN_UNUSED_FUNCTION = YES;
				GCC_WARN_UNUSED_VARIABLE = YES;
				IPHONEOS_DEPLOYMENT_TARGET = 17.2;
				LOCALIZATION_PREFERS_STRING_CATALOGS = YES;
				MTL_ENABLE_DEBUG_INFO = NO;
				MTL_FAST_MATH = YES;
				SDKROOT = iphoneos;
				SWIFT_COMPILATION_MODE = wholemodule;
				VALIDATE_PRODUCT = YES;
			};
			name = Release;
		};
		25D9E3132C7C1EF3009EEAE0 /* Debug */ = {
			isa = XCBuildConfiguration;
			buildSettings = {
				ASSETCATALOG_COMPILER_APPICON_NAME = AppIcon;
				ASSETCATALOG_COMPILER_GLOBAL_ACCENT_COLOR_NAME = AccentColor;
				CODE_SIGN_STYLE = Automatic;
				CURRENT_PROJECT_VERSION = 1;
				DEVELOPMENT_ASSET_PATHS = "\"SocialMediaApp/Preview Content\"";
				DEVELOPMENT_TEAM = 45V4U9MRS9;
				ENABLE_PREVIEWS = YES;
				GENERATE_INFOPLIST_FILE = YES;
				INFOPLIST_KEY_UIApplicationSceneManifest_Generation = YES;
				INFOPLIST_KEY_UIApplicationSupportsIndirectInputEvents = YES;
				INFOPLIST_KEY_UILaunchScreen_Generation = YES;
				INFOPLIST_KEY_UISupportedInterfaceOrientations_iPad = "UIInterfaceOrientationPortrait UIInterfaceOrientationPortraitUpsideDown UIInterfaceOrientationLandscapeLeft UIInterfaceOrientationLandscapeRight";
				INFOPLIST_KEY_UISupportedInterfaceOrientations_iPhone = "UIInterfaceOrientationPortrait UIInterfaceOrientationLandscapeLeft UIInterfaceOrientationLandscapeRight";
				LD_RUNPATH_SEARCH_PATHS = (
					"$(inherited)",
					"@executable_path/Frameworks",
				);
				MARKETING_VERSION = 1.0;
				PRODUCT_BUNDLE_IDENTIFIER = com.abhinavnagar.SocialMediaApp;
				PRODUCT_NAME = "$(TARGET_NAME)";
				SWIFT_EMIT_LOC_STRINGS = YES;
				SWIFT_VERSION = 5.0;
				TARGETED_DEVICE_FAMILY = "1,2";
			};
			name = Debug;
		};
		25D9E3142C7C1EF3009EEAE0 /* Release */ = {
			isa = XCBuildConfiguration;
			buildSettings = {
				ASSETCATALOG_COMPILER_APPICON_NAME = AppIcon;
				ASSETCATALOG_COMPILER_GLOBAL_ACCENT_COLOR_NAME = AccentColor;
				CODE_SIGN_STYLE = Automatic;
				CURRENT_PROJECT_VERSION = 1;
				DEVELOPMENT_ASSET_PATHS = "\"SocialMediaApp/Preview Content\"";
				DEVELOPMENT_TEAM = 45V4U9MRS9;
				ENABLE_PREVIEWS = YES;
				GENERATE_INFOPLIST_FILE = YES;
				INFOPLIST_KEY_UIApplicationSceneManifest_Generation = YES;
				INFOPLIST_KEY_UIApplicationSupportsIndirectInputEvents = YES;
				INFOPLIST_KEY_UILaunchScreen_Generation = YES;
				INFOPLIST_KEY_UISupportedInterfaceOrientations_iPad = "UIInterfaceOrientationPortrait UIInterfaceOrientationPortraitUpsideDown UIInterfaceOrientationLandscapeLeft UIInterfaceOrientationLandscapeRight";
				INFOPLIST_KEY_UISupportedInterfaceOrientations_iPhone = "UIInterfaceOrientationPortrait UIInterfaceOrientationLandscapeLeft UIInterfaceOrientationLandscapeRight";
				LD_RUNPATH_SEARCH_PATHS = (
					"$(inherited)",
					"@executable_path/Frameworks",
				);
				MARKETING_VERSION = 1.0;
				PRODUCT_BUNDLE_IDENTIFIER = com.abhinavnagar.SocialMediaApp;
				PRODUCT_NAME = "$(TARGET_NAME)";
				SWIFT_EMIT_LOC_STRINGS = YES;
				SWIFT_VERSION = 5.0;
				TARGETED_DEVICE_FAMILY = "1,2";
			};
			name = Release;
		};
/* End XCBuildConfiguration section */

/* Begin XCConfigurationList section */
		25D9E2FF2C7C1EF1009EEAE0 /* Build configuration list for PBXProject "SocialMediaApp" */ = {
			isa = XCConfigurationList;
			buildConfigurations = (
				25D9E3102C7C1EF3009EEAE0 /* Debug */,
				25D9E3112C7C1EF3009EEAE0 /* Release */,
			);
			defaultConfigurationIsVisible = 0;
			defaultConfigurationName = Release;
		};
		25D9E3122C7C1EF3009EEAE0 /* Build configuration list for PBXNativeTarget "SocialMediaApp" */ = {
			isa = XCConfigurationList;
			buildConfigurations = (
				25D9E3132C7C1EF3009EEAE0 /* Debug */,
				25D9E3142C7C1EF3009EEAE0 /* Release */,
			);
			defaultConfigurationIsVisible = 0;
			defaultConfigurationName = Release;
		};
/* End XCConfigurationList section */

/* Begin XCRemoteSwiftPackageReference section */
		25D9E3172C7C20E1009EEAE0 /* XCRemoteSwiftPackageReference "firebase-ios-sdk" */ = {
			isa = XCRemoteSwiftPackageReference;
			repositoryURL = "https://github.com/firebase/firebase-ios-sdk";
			requirement = {
				branch = main;
				kind = branch;
			};
		};
		25D9E3542C7E3AF9009EEAE0 /* XCRemoteSwiftPackageReference "SDWebImageSwiftUI" */ = {
			isa = XCRemoteSwiftPackageReference;
			repositoryURL = "https://github.com/SDWebImage/SDWebImageSwiftUI";
			requirement = {
				kind = upToNextMajorVersion;
				minimumVersion = 3.1.1;
			};
		};
/* End XCRemoteSwiftPackageReference section */

/* Begin XCSwiftPackageProductDependency section */
		25D9E3182C7C20E1009EEAE0 /* FirebaseAnalytics */ = {
			isa = XCSwiftPackageProductDependency;
			package = 25D9E3172C7C20E1009EEAE0 /* XCRemoteSwiftPackageReference "firebase-ios-sdk" */;
			productName = FirebaseAnalytics;
		};
		25D9E31A2C7C20E1009EEAE0 /* FirebaseAnalyticsOnDeviceConversion */ = {
			isa = XCSwiftPackageProductDependency;
			package = 25D9E3172C7C20E1009EEAE0 /* XCRemoteSwiftPackageReference "firebase-ios-sdk" */;
			productName = FirebaseAnalyticsOnDeviceConversion;
		};
		25D9E31C2C7C20E1009EEAE0 /* FirebaseAnalyticsWithoutAdIdSupport */ = {
			isa = XCSwiftPackageProductDependency;
			package = 25D9E3172C7C20E1009EEAE0 /* XCRemoteSwiftPackageReference "firebase-ios-sdk" */;
			productName = FirebaseAnalyticsWithoutAdIdSupport;
		};
		25D9E31E2C7C20E1009EEAE0 /* FirebaseAppCheck */ = {
			isa = XCSwiftPackageProductDependency;
			package = 25D9E3172C7C20E1009EEAE0 /* XCRemoteSwiftPackageReference "firebase-ios-sdk" */;
			productName = FirebaseAppCheck;
		};
		25D9E3202C7C20E1009EEAE0 /* FirebaseAppDistribution-Beta */ = {
			isa = XCSwiftPackageProductDependency;
			package = 25D9E3172C7C20E1009EEAE0 /* XCRemoteSwiftPackageReference "firebase-ios-sdk" */;
			productName = "FirebaseAppDistribution-Beta";
		};
		25D9E3222C7C20E1009EEAE0 /* FirebaseAuth */ = {
			isa = XCSwiftPackageProductDependency;
			package = 25D9E3172C7C20E1009EEAE0 /* XCRemoteSwiftPackageReference "firebase-ios-sdk" */;
			productName = FirebaseAuth;
		};
		25D9E3242C7C20E2009EEAE0 /* FirebaseAuthCombine-Community */ = {
			isa = XCSwiftPackageProductDependency;
			package = 25D9E3172C7C20E1009EEAE0 /* XCRemoteSwiftPackageReference "firebase-ios-sdk" */;
			productName = "FirebaseAuthCombine-Community";
		};
		25D9E3262C7C20E2009EEAE0 /* FirebaseCrashlytics */ = {
			isa = XCSwiftPackageProductDependency;
			package = 25D9E3172C7C20E1009EEAE0 /* XCRemoteSwiftPackageReference "firebase-ios-sdk" */;
			productName = FirebaseCrashlytics;
		};
		25D9E3282C7C20E2009EEAE0 /* FirebaseDatabase */ = {
			isa = XCSwiftPackageProductDependency;
			package = 25D9E3172C7C20E1009EEAE0 /* XCRemoteSwiftPackageReference "firebase-ios-sdk" */;
			productName = FirebaseDatabase;
		};
		25D9E32A2C7C20E2009EEAE0 /* FirebaseDynamicLinks */ = {
			isa = XCSwiftPackageProductDependency;
			package = 25D9E3172C7C20E1009EEAE0 /* XCRemoteSwiftPackageReference "firebase-ios-sdk" */;
			productName = FirebaseDynamicLinks;
		};
		25D9E32C2C7C20E2009EEAE0 /* FirebaseFirestore */ = {
			isa = XCSwiftPackageProductDependency;
			package = 25D9E3172C7C20E1009EEAE0 /* XCRemoteSwiftPackageReference "firebase-ios-sdk" */;
			productName = FirebaseFirestore;
		};
		25D9E32E2C7C20E2009EEAE0 /* FirebaseFirestoreCombine-Community */ = {
			isa = XCSwiftPackageProductDependency;
			package = 25D9E3172C7C20E1009EEAE0 /* XCRemoteSwiftPackageReference "firebase-ios-sdk" */;
			productName = "FirebaseFirestoreCombine-Community";
		};
		25D9E3302C7C20E2009EEAE0 /* FirebaseFunctions */ = {
			isa = XCSwiftPackageProductDependency;
			package = 25D9E3172C7C20E1009EEAE0 /* XCRemoteSwiftPackageReference "firebase-ios-sdk" */;
			productName = FirebaseFunctions;
		};
		25D9E3322C7C20E2009EEAE0 /* FirebaseFunctionsCombine-Community */ = {
			isa = XCSwiftPackageProductDependency;
			package = 25D9E3172C7C20E1009EEAE0 /* XCRemoteSwiftPackageReference "firebase-ios-sdk" */;
			productName = "FirebaseFunctionsCombine-Community";
		};
		25D9E3342C7C20E2009EEAE0 /* FirebaseInAppMessaging-Beta */ = {
			isa = XCSwiftPackageProductDependency;
			package = 25D9E3172C7C20E1009EEAE0 /* XCRemoteSwiftPackageReference "firebase-ios-sdk" */;
			productName = "FirebaseInAppMessaging-Beta";
		};
		25D9E33B2C7C3DDB009EEAE0 /* FirebaseStorage */ = {
			isa = XCSwiftPackageProductDependency;
			package = 25D9E3172C7C20E1009EEAE0 /* XCRemoteSwiftPackageReference "firebase-ios-sdk" */;
			productName = FirebaseStorage;
		};
		25D9E3552C7E3AFA009EEAE0 /* SDWebImageSwiftUI */ = {
			isa = XCSwiftPackageProductDependency;
			package = 25D9E3542C7E3AF9009EEAE0 /* XCRemoteSwiftPackageReference "SDWebImageSwiftUI" */;
			productName = SDWebImageSwiftUI;
		};
/* End XCSwiftPackageProductDependency section */
	};
	rootObject = 25D9E2FC2C7C1EF1009EEAE0 /* Project object */;
}
